// !$*UTF8*$!
{
	archiveVersion = 1;
	classes = {
	};
	objectVersion = 48;
	objects = {

/* Begin PBXBuildFile section */
		EF0700481F3CD65400772612 /* Recipe.swift in Sources */ = {isa = PBXBuildFile; fileRef = EF0700471F3CD65400772612 /* Recipe.swift */; };
		EF07004A1F3D118000772612 /* HomeFoodSearchViewController.swift in Sources */ = {isa = PBXBuildFile; fileRef = EF0700491F3D118000772612 /* HomeFoodSearchViewController.swift */; };
		EF07004C1F3D201300772612 /* RecipeTableViewController.swift in Sources */ = {isa = PBXBuildFile; fileRef = EF07004B1F3D201300772612 /* RecipeTableViewController.swift */; };
		EF07004E1F3D20C900772612 /* RecipeTableViewCell.swift in Sources */ = {isa = PBXBuildFile; fileRef = EF07004D1F3D20C900772612 /* RecipeTableViewCell.swift */; };
		EF0700521F3D4D5400772612 /* WebViewController.swift in Sources */ = {isa = PBXBuildFile; fileRef = EF0700511F3D4D5400772612 /* WebViewController.swift */; };
		EF12960A1F3CC26B00F9A784 /* AppDelegate.swift in Sources */ = {isa = PBXBuildFile; fileRef = EF1296091F3CC26B00F9A784 /* AppDelegate.swift */; };
		EF12960F1F3CC26B00F9A784 /* Main.storyboard in Resources */ = {isa = PBXBuildFile; fileRef = EF12960D1F3CC26B00F9A784 /* Main.storyboard */; };
		EF1296111F3CC26B00F9A784 /* Assets.xcassets in Resources */ = {isa = PBXBuildFile; fileRef = EF1296101F3CC26B00F9A784 /* Assets.xcassets */; };
		EF1296141F3CC26B00F9A784 /* LaunchScreen.storyboard in Resources */ = {isa = PBXBuildFile; fileRef = EF1296121F3CC26B00F9A784 /* LaunchScreen.storyboard */; };
		EF1296201F3CC3B000F9A784 /* NetworkProcessor.swift in Sources */ = {isa = PBXBuildFile; fileRef = EF12961F1F3CC3B000F9A784 /* NetworkProcessor.swift */; };
		EF1296221F3CC3FD00F9A784 /* RecipeFetchService.swift in Sources */ = {isa = PBXBuildFile; fileRef = EF1296211F3CC3FD00F9A784 /* RecipeFetchService.swift */; };
/* End PBXBuildFile section */

/* Begin PBXFileReference section */
		EF0700471F3CD65400772612 /* Recipe.swift */ = {isa = PBXFileReference; lastKnownFileType = sourcecode.swift; path = Recipe.swift; sourceTree = "<group>"; };
		EF0700491F3D118000772612 /* HomeFoodSearchViewController.swift */ = {isa = PBXFileReference; lastKnownFileType = sourcecode.swift; path = HomeFoodSearchViewController.swift; sourceTree = "<group>"; };
		EF07004B1F3D201300772612 /* RecipeTableViewController.swift */ = {isa = PBXFileReference; lastKnownFileType = sourcecode.swift; path = RecipeTableViewController.swift; sourceTree = "<group>"; };
		EF07004D1F3D20C900772612 /* RecipeTableViewCell.swift */ = {isa = PBXFileReference; lastKnownFileType = sourcecode.swift; path = RecipeTableViewCell.swift; sourceTree = "<group>"; };
		EF07004F1F3D2DF200772612 /* placeholder.png */ = {isa = PBXFileReference; lastKnownFileType = image.png; path = placeholder.png; sourceTree = "<group>"; };
		EF0700511F3D4D5400772612 /* WebViewController.swift */ = {isa = PBXFileReference; lastKnownFileType = sourcecode.swift; path = WebViewController.swift; sourceTree = "<group>"; };
		EF1296061F3CC26B00F9A784 /* SimpleFoodSearcher.app */ = {isa = PBXFileReference; explicitFileType = wrapper.application; includeInIndex = 0; path = SimpleFoodSearcher.app; sourceTree = BUILT_PRODUCTS_DIR; };
		EF1296091F3CC26B00F9A784 /* AppDelegate.swift */ = {isa = PBXFileReference; lastKnownFileType = sourcecode.swift; path = AppDelegate.swift; sourceTree = "<group>"; };
		EF12960E1F3CC26B00F9A784 /* Base */ = {isa = PBXFileReference; lastKnownFileType = file.storyboard; name = Base; path = Base.lproj/Main.storyboard; sourceTree = "<group>"; };
		EF1296101F3CC26B00F9A784 /* Assets.xcassets */ = {isa = PBXFileReference; lastKnownFileType = folder.assetcatalog; path = Assets.xcassets; sourceTree = "<group>"; };
		EF1296131F3CC26B00F9A784 /* Base */ = {isa = PBXFileReference; lastKnownFileType = file.storyboard; name = Base; path = Base.lproj/LaunchScreen.storyboard; sourceTree = "<group>"; };
		EF1296151F3CC26B00F9A784 /* Info.plist */ = {isa = PBXFileReference; lastKnownFileType = text.plist.xml; path = Info.plist; sourceTree = "<group>"; };
		EF12961F1F3CC3B000F9A784 /* NetworkProcessor.swift */ = {isa = PBXFileReference; lastKnownFileType = sourcecode.swift; path = NetworkProcessor.swift; sourceTree = "<group>"; };
		EF1296211F3CC3FD00F9A784 /* RecipeFetchService.swift */ = {isa = PBXFileReference; lastKnownFileType = sourcecode.swift; path = RecipeFetchService.swift; sourceTree = "<group>"; };
/* End PBXFileReference section */

/* Begin PBXFrameworksBuildPhase section */
		EF1296031F3CC26B00F9A784 /* Frameworks */ = {
			isa = PBXFrameworksBuildPhase;
			buildActionMask = 2147483647;
			files = (
			);
			runOnlyForDeploymentPostprocessing = 0;
		};
/* End PBXFrameworksBuildPhase section */

/* Begin PBXGroup section */
		EF0700501F3D2E0A00772612 /* Images */ = {
			isa = PBXGroup;
			children = (
				EF07004F1F3D2DF200772612 /* placeholder.png */,
			);
			path = Images;
			sourceTree = "<group>";
		};
		EF1295FD1F3CC26B00F9A784 = {
			isa = PBXGroup;
			children = (
				EF1296081F3CC26B00F9A784 /* SimpleFoodSearcher */,
				EF1296071F3CC26B00F9A784 /* Products */,
			);
			sourceTree = "<group>";
		};
		EF1296071F3CC26B00F9A784 /* Products */ = {
			isa = PBXGroup;
			children = (
				EF1296061F3CC26B00F9A784 /* SimpleFoodSearcher.app */,
			);
			name = Products;
			sourceTree = "<group>";
		};
		EF1296081F3CC26B00F9A784 /* SimpleFoodSearcher */ = {
			isa = PBXGroup;
			children = (
				EF12961D1F3CC2F500F9A784 /* Controller */,
				EF12961C1F3CC2E800F9A784 /* View */,
				EF12961B1F3CC2D700F9A784 /* Model */,
				EF1296091F3CC26B00F9A784 /* AppDelegate.swift */,
				EF1296101F3CC26B00F9A784 /* Assets.xcassets */,
				EF0700501F3D2E0A00772612 /* Images */,
				EF1296121F3CC26B00F9A784 /* LaunchScreen.storyboard */,
				EF1296151F3CC26B00F9A784 /* Info.plist */,
			);
			path = SimpleFoodSearcher;
			sourceTree = "<group>";
		};
		EF12961B1F3CC2D700F9A784 /* Model */ = {
			isa = PBXGroup;
			children = (
				EF12961E1F3CC33200F9A784 /* Network Stack */,
			);
			path = Model;
			sourceTree = "<group>";
		};
		EF12961C1F3CC2E800F9A784 /* View */ = {
			isa = PBXGroup;
			children = (
				EF12960D1F3CC26B00F9A784 /* Main.storyboard */,
				EF07004D1F3D20C900772612 /* RecipeTableViewCell.swift */,
			);
			path = View;
			sourceTree = "<group>";
		};
		EF12961D1F3CC2F500F9A784 /* Controller */ = {
			isa = PBXGroup;
			children = (
				EF0700491F3D118000772612 /* HomeFoodSearchViewController.swift */,
				EF07004B1F3D201300772612 /* RecipeTableViewController.swift */,
				EF0700511F3D4D5400772612 /* WebViewController.swift */,
			);
			path = Controller;
			sourceTree = "<group>";
		};
		EF12961E1F3CC33200F9A784 /* Network Stack */ = {
			isa = PBXGroup;
			children = (
				EF12961F1F3CC3B000F9A784 /* NetworkProcessor.swift */,
				EF1296211F3CC3FD00F9A784 /* RecipeFetchService.swift */,
				EF0700471F3CD65400772612 /* Recipe.swift */,
			);
			path = "Network Stack";
			sourceTree = "<group>";
		};
/* End PBXGroup section */

/* Begin PBXNativeTarget section */
		EF1296051F3CC26B00F9A784 /* SimpleFoodSearcher */ = {
			isa = PBXNativeTarget;
			buildConfigurationList = EF1296181F3CC26B00F9A784 /* Build configuration list for PBXNativeTarget "SimpleFoodSearcher" */;
			buildPhases = (
				EF1296021F3CC26B00F9A784 /* Sources */,
				EF1296031F3CC26B00F9A784 /* Frameworks */,
				EF1296041F3CC26B00F9A784 /* Resources */,
			);
			buildRules = (
			);
			dependencies = (
			);
			name = SimpleFoodSearcher;
			productName = SimpleFoodSearcher;
			productReference = EF1296061F3CC26B00F9A784 /* SimpleFoodSearcher.app */;
			productType = "com.apple.product-type.application";
		};
/* End PBXNativeTarget section */

/* Begin PBXProject section */
		EF1295FE1F3CC26B00F9A784 /* Project object */ = {
			isa = PBXProject;
			attributes = {
				LastSwiftUpdateCheck = 0900;
				LastUpgradeCheck = 0900;
				ORGANIZATIONNAME = "Chidi Emeh";
				TargetAttributes = {
					EF1296051F3CC26B00F9A784 = {
						CreatedOnToolsVersion = 9.0;
					};
				};
			};
			buildConfigurationList = EF1296011F3CC26B00F9A784 /* Build configuration list for PBXProject "SimpleFoodSearcher" */;
			compatibilityVersion = "Xcode 8.0";
			developmentRegion = en;
			hasScannedForEncodings = 0;
			knownRegions = (
				en,
				Base,
			);
			mainGroup = EF1295FD1F3CC26B00F9A784;
			productRefGroup = EF1296071F3CC26B00F9A784 /* Products */;
			projectDirPath = "";
			projectRoot = "";
			targets = (
				EF1296051F3CC26B00F9A784 /* SimpleFoodSearcher */,
			);
		};
/* End PBXProject section */

/* Begin PBXResourcesBuildPhase section */
		EF1296041F3CC26B00F9A784 /* Resources */ = {
			isa = PBXResourcesBuildPhase;
			buildActionMask = 2147483647;
			files = (
				EF1296141F3CC26B00F9A784 /* LaunchScreen.storyboard in Resources */,
				EF1296111F3CC26B00F9A784 /* Assets.xcassets in Resources */,
				EF12960F1F3CC26B00F9A784 /* Main.storyboard in Resources */,
			);
			runOnlyForDeploymentPostprocessing = 0;
		};
/* End PBXResourcesBuildPhase section */

/* Begin PBXSourcesBuildPhase section */
		EF1296021F3CC26B00F9A784 /* Sources */ = {
			isa = PBXSourcesBuildPhase;
			buildActionMask = 2147483647;
			files = (
				EF07004A1F3D118000772612 /* HomeFoodSearchViewController.swift in Sources */,
				EF1296201F3CC3B000F9A784 /* NetworkProcessor.swift in Sources */,
				EF1296221F3CC3FD00F9A784 /* RecipeFetchService.swift in Sources */,
				EF07004E1F3D20C900772612 /* RecipeTableViewCell.swift in Sources */,
				EF07004C1F3D201300772612 /* RecipeTableViewController.swift in Sources */,
				EF12960A1F3CC26B00F9A784 /* AppDelegate.swift in Sources */,
				EF0700481F3CD65400772612 /* Recipe.swift in Sources */,
				EF0700521F3D4D5400772612 /* WebViewController.swift in Sources */,
			);
			runOnlyForDeploymentPostprocessing = 0;
		};
/* End PBXSourcesBuildPhase section */

/* Begin PBXVariantGroup section */
		EF12960D1F3CC26B00F9A784 /* Main.storyboard */ = {
			isa = PBXVariantGroup;
			children = (
				EF12960E1F3CC26B00F9A784 /* Base */,
			);
			name = Main.storyboard;
			sourceTree = "<group>";
		};
		EF1296121F3CC26B00F9A784 /* LaunchScreen.storyboard */ = {
			isa = PBXVariantGroup;
			children = (
				EF1296131F3CC26B00F9A784 /* Base */,
			);
			name = LaunchScreen.storyboard;
			sourceTree = "<group>";
		};
/* End PBXVariantGroup section */

/* Begin XCBuildConfiguration section */
		EF1296161F3CC26B00F9A784 /* Debug */ = {
			isa = XCBuildConfiguration;
			buildSettings = {
				ALWAYS_SEARCH_USER_PATHS = NO;
				CLANG_ANALYZER_NONNULL = YES;
				CLANG_ANALYZER_NUMBER_OBJECT_CONVERSION = YES_AGGRESSIVE;
				CLANG_CXX_LANGUAGE_STANDARD = "gnu++14";
				CLANG_CXX_LIBRARY = "libc++";
				CLANG_ENABLE_MODULES = YES;
				CLANG_ENABLE_OBJC_ARC = YES;
				CLANG_WARN_BLOCK_CAPTURE_AUTORELEASING = YES;
				CLANG_WARN_BOOL_CONVERSION = YES;
				CLANG_WARN_COMMA = YES;
				CLANG_WARN_CONSTANT_CONVERSION = YES;
				CLANG_WARN_DIRECT_OBJC_ISA_USAGE = YES_ERROR;
				CLANG_WARN_DOCUMENTATION_COMMENTS = YES;
				CLANG_WARN_EMPTY_BODY = YES;
				CLANG_WARN_ENUM_CONVERSION = YES;
				CLANG_WARN_INFINITE_RECURSION = YES;
				CLANG_WARN_INT_CONVERSION = YES;
				CLANG_WARN_NON_LITERAL_NULL_CONVERSION = YES;
				CLANG_WARN_OBJC_LITERAL_CONVERSION = YES;
				CLANG_WARN_OBJC_ROOT_CLASS = YES_ERROR;
				CLANG_WARN_RANGE_LOOP_ANALYSIS = YES;
				CLANG_WARN_STRICT_PROTOTYPES = YES;
				CLANG_WARN_SUSPICIOUS_MOVE = YES;
				CLANG_WARN_UNGUARDED_AVAILABILITY = YES_AGGRESSIVE;
				CLANG_WARN_UNREACHABLE_CODE = YES;
				CLANG_WARN__DUPLICATE_METHOD_MATCH = YES;
				CODE_SIGN_IDENTITY = "iPhone Developer";
				COPY_PHASE_STRIP = NO;
				DEBUG_INFORMATION_FORMAT = dwarf;
				ENABLE_STRICT_OBJC_MSGSEND = YES;
				ENABLE_TESTABILITY = YES;
				GCC_C_LANGUAGE_STANDARD = gnu11;
				GCC_DYNAMIC_NO_PIC = NO;
				GCC_NO_COMMON_BLOCKS = YES;
				GCC_OPTIMIZATION_LEVEL = 0;
				GCC_PREPROCESSOR_DEFINITIONS = (
					"DEBUG=1",
					"$(inherited)",
				);
				GCC_WARN_64_TO_32_BIT_CONVERSION = YES;
				GCC_WARN_ABOUT_RETURN_TYPE = YES_ERROR;
				GCC_WARN_UNDECLARED_SELECTOR = YES;
				GCC_WARN_UNINITIALIZED_AUTOS = YES_AGGRESSIVE;
				GCC_WARN_UNUSED_FUNCTION = YES;
				GCC_WARN_UNUSED_VARIABLE = YES;
				IPHONEOS_DEPLOYMENT_TARGET = 11.0;
				MTL_ENABLE_DEBUG_INFO = YES;
				ONLY_ACTIVE_ARCH = YES;
				SDKROOT = iphoneos;
				SWIFT_ACTIVE_COMPILATION_CONDITIONS = DEBUG;
				SWIFT_OPTIMIZATION_LEVEL = "-Onone";
			};
			name = Debug;
		};
		EF1296171F3CC26B00F9A784 /* Release */ = {
			isa = XCBuildConfiguration;
			buildSettings = {
				ALWAYS_SEARCH_USER_PATHS = NO;
				CLANG_ANALYZER_NONNULL = YES;
				CLANG_ANALYZER_NUMBER_OBJECT_CONVERSION = YES_AGGRESSIVE;
				CLANG_CXX_LANGUAGE_STANDARD = "gnu++14";
				CLANG_CXX_LIBRARY = "libc++";
				CLANG_ENABLE_MODULES = YES;
				CLANG_ENABLE_OBJC_ARC = YES;
				CLANG_WARN_BLOCK_CAPTURE_AUTORELEASING = YES;
				CLANG_WARN_BOOL_CONVERSION = YES;
				CLANG_WARN_COMMA = YES;
				CLANG_WARN_CONSTANT_CONVERSION = YES;
				CLANG_WARN_DIRECT_OBJC_ISA_USAGE = YES_ERROR;
				CLANG_WARN_DOCUMENTATION_COMMENTS = YES;
				CLANG_WARN_EMPTY_BODY = YES;
				CLANG_WARN_ENUM_CONVERSION = YES;
				CLANG_WARN_INFINITE_RECURSION = YES;
				CLANG_WARN_INT_CONVERSION = YES;
				CLANG_WARN_NON_LITERAL_NULL_CONVERSION = YES;
				CLANG_WARN_OBJC_LITERAL_CONVERSION = YES;
				CLANG_WARN_OBJC_ROOT_CLASS = YES_ERROR;
				CLANG_WARN_RANGE_LOOP_ANALYSIS = YES;
				CLANG_WARN_STRICT_PROTOTYPES = YES;
				CLANG_WARN_SUSPICIOUS_MOVE = YES;
				CLANG_WARN_UNGUARDED_AVAILABILITY = YES_AGGRESSIVE;
				CLANG_WARN_UNREACHABLE_CODE = YES;
				CLANG_WARN__DUPLICATE_METHOD_MATCH = YES;
				CODE_SIGN_IDENTITY = "iPhone Developer";
				COPY_PHASE_STRIP = NO;
				DEBUG_INFORMATION_FORMAT = "dwarf-with-dsym";
				ENABLE_NS_ASSERTIONS = NO;
				ENABLE_STRICT_OBJC_MSGSEND = YES;
				GCC_C_LANGUAGE_STANDARD = gnu11;
				GCC_NO_COMMON_BLOCKS = YES;
				GCC_WARN_64_TO_32_BIT_CONVERSION = YES;
				GCC_WARN_ABOUT_RETURN_TYPE = YES_ERROR;
				GCC_WARN_UNDECLARED_SELECTOR = YES;
				GCC_WARN_UNINITIALIZED_AUTOS = YES_AGGRESSIVE;
				GCC_WARN_UNUSED_FUNCTION = YES;
				GCC_WARN_UNUSED_VARIABLE = YES;
				IPHONEOS_DEPLOYMENT_TARGET = 11.0;
				MTL_ENABLE_DEBUG_INFO = NO;
				SDKROOT = iphoneos;
				SWIFT_OPTIMIZATION_LEVEL = "-Owholemodule";
				VALIDATE_PRODUCT = YES;
			};
			name = Release;
		};
		EF1296191F3CC26B00F9A784 /* Debug */ = {
			isa = XCBuildConfiguration;
			buildSettings = {
				ASSETCATALOG_COMPILER_APPICON_NAME = AppIcon;
				DEVELOPMENT_TEAM = 8V82X98L5Q;
				INFOPLIST_FILE = SimpleFoodSearcher/Info.plist;
				IPHONEOS_DEPLOYMENT_TARGET = 10.3;
				LD_RUNPATH_SEARCH_PATHS = "$(inherited) @executable_path/Frameworks";
				PRODUCT_BUNDLE_IDENTIFIER = com.gmail.chidiemeh184.SimpleFoodSearcher;
				PRODUCT_NAME = "$(TARGET_NAME)";
				SWIFT_VERSION = 4.0;
				TARGETED_DEVICE_FAMILY = "1,2";
			};
			name = Debug;
		};
		EF12961A1F3CC26B00F9A784 /* Release */ = {
			isa = XCBuildConfiguration;
			buildSettings = {
				ASSETCATALOG_COMPILER_APPICON_NAME = AppIcon;
				DEVELOPMENT_TEAM = 8V82X98L5Q;
				INFOPLIST_FILE = SimpleFoodSearcher/Info.plist;
				IPHONEOS_DEPLOYMENT_TARGET = 10.3;
				LD_RUNPATH_SEARCH_PATHS = "$(inherited) @executable_path/Frameworks";
				PRODUCT_BUNDLE_IDENTIFIER = com.gmail.chidiemeh184.SimpleFoodSearcher;
				PRODUCT_NAME = "$(TARGET_NAME)";
				SWIFT_VERSION = 4.0;
				TARGETED_DEVICE_FAMILY = "1,2";
			};
			name = Release;
		};
/* End XCBuildConfiguration section */

/* Begin XCConfigurationList section */
		EF1296011F3CC26B00F9A784 /* Build configuration list for PBXProject "SimpleFoodSearcher" */ = {
			isa = XCConfigurationList;
			buildConfigurations = (
				EF1296161F3CC26B00F9A784 /* Debug */,
				EF1296171F3CC26B00F9A784 /* Release */,
			);
			defaultConfigurationIsVisible = 0;
			defaultConfigurationName = Release;
		};
		EF1296181F3CC26B00F9A784 /* Build configuration list for PBXNativeTarget "SimpleFoodSearcher" */ = {
			isa = XCConfigurationList;
			buildConfigurations = (
				EF1296191F3CC26B00F9A784 /* Debug */,
				EF12961A1F3CC26B00F9A784 /* Release */,
			);
			defaultConfigurationIsVisible = 0;
			defaultConfigurationName = Release;
		};
/* End XCConfigurationList section */
	};
	rootObject = EF1295FE1F3CC26B00F9A784 /* Project object */;
}
